// !$*UTF8*$!
{
	archiveVersion = 1;
	classes = {
	};
	objectVersion = 56;
	objects = {

/* Begin PBXBuildFile section */
		D02B7F7A29FC3896004FC775 /* AppDelegate.swift in Sources */ = {isa = PBXBuildFile; fileRef = D02B7F7929FC3896004FC775 /* AppDelegate.swift */; };
		D02B7F7C29FC3896004FC775 /* SceneDelegate.swift in Sources */ = {isa = PBXBuildFile; fileRef = D02B7F7B29FC3896004FC775 /* SceneDelegate.swift */; };
		D02B7F7E29FC3896004FC775 /* ViewController.swift in Sources */ = {isa = PBXBuildFile; fileRef = D02B7F7D29FC3896004FC775 /* ViewController.swift */; };
		D02B7F8129FC3896004FC775 /* Main.storyboard in Resources */ = {isa = PBXBuildFile; fileRef = D02B7F7F29FC3896004FC775 /* Main.storyboard */; };
		D02B7F8329FC3897004FC775 /* Assets.xcassets in Resources */ = {isa = PBXBuildFile; fileRef = D02B7F8229FC3897004FC775 /* Assets.xcassets */; };
		D02B7F8629FC3897004FC775 /* LaunchScreen.storyboard in Resources */ = {isa = PBXBuildFile; fileRef = D02B7F8429FC3897004FC775 /* LaunchScreen.storyboard */; };
		D02B7F9129FC3897004FC775 /* InstagramVideoPlayerTests.swift in Sources */ = {isa = PBXBuildFile; fileRef = D02B7F9029FC3897004FC775 /* InstagramVideoPlayerTests.swift */; };
		D02B7F9B29FC3897004FC775 /* InstagramVideoPlayerUITests.swift in Sources */ = {isa = PBXBuildFile; fileRef = D02B7F9A29FC3897004FC775 /* InstagramVideoPlayerUITests.swift */; };
		D02B7F9D29FC3897004FC775 /* InstagramVideoPlayerUITestsLaunchTests.swift in Sources */ = {isa = PBXBuildFile; fileRef = D02B7F9C29FC3897004FC775 /* InstagramVideoPlayerUITestsLaunchTests.swift */; };
		D02B7FAE29FC3A65004FC775 /* VideoCellTVC.swift in Sources */ = {isa = PBXBuildFile; fileRef = D02B7FAD29FC3A65004FC775 /* VideoCellTVC.swift */; };
/* End PBXBuildFile section */

/* Begin PBXContainerItemProxy section */
		D02B7F8D29FC3897004FC775 /* PBXContainerItemProxy */ = {
			isa = PBXContainerItemProxy;
			containerPortal = D02B7F6E29FC3896004FC775 /* Project object */;
			proxyType = 1;
			remoteGlobalIDString = D02B7F7529FC3896004FC775;
			remoteInfo = InstagramVideoPlayer;
		};
		D02B7F9729FC3897004FC775 /* PBXContainerItemProxy */ = {
			isa = PBXContainerItemProxy;
			containerPortal = D02B7F6E29FC3896004FC775 /* Project object */;
			proxyType = 1;
			remoteGlobalIDString = D02B7F7529FC3896004FC775;
			remoteInfo = InstagramVideoPlayer;
		};
/* End PBXContainerItemProxy section */

/* Begin PBXFileReference section */
		D02B7F7629FC3896004FC775 /* InstagramVideoPlayer.app */ = {isa = PBXFileReference; explicitFileType = wrapper.application; includeInIndex = 0; path = InstagramVideoPlayer.app; sourceTree = BUILT_PRODUCTS_DIR; };
		D02B7F7929FC3896004FC775 /* AppDelegate.swift */ = {isa = PBXFileReference; lastKnownFileType = sourcecode.swift; path = AppDelegate.swift; sourceTree = "<group>"; };
		D02B7F7B29FC3896004FC775 /* SceneDelegate.swift */ = {isa = PBXFileReference; lastKnownFileType = sourcecode.swift; path = SceneDelegate.swift; sourceTree = "<group>"; };
		D02B7F7D29FC3896004FC775 /* ViewController.swift */ = {isa = PBXFileReference; lastKnownFileType = sourcecode.swift; path = ViewController.swift; sourceTree = "<group>"; };
		D02B7F8029FC3896004FC775 /* Base */ = {isa = PBXFileReference; lastKnownFileType = file.storyboard; name = Base; path = Base.lproj/Main.storyboard; sourceTree = "<group>"; };
		D02B7F8229FC3897004FC775 /* Assets.xcassets */ = {isa = PBXFileReference; lastKnownFileType = folder.assetcatalog; path = Assets.xcassets; sourceTree = "<group>"; };
		D02B7F8529FC3897004FC775 /* Base */ = {isa = PBXFileReference; lastKnownFileType = file.storyboard; name = Base; path = Base.lproj/LaunchScreen.storyboard; sourceTree = "<group>"; };
		D02B7F8729FC3897004FC775 /* Info.plist */ = {isa = PBXFileReference; lastKnownFileType = text.plist.xml; path = Info.plist; sourceTree = "<group>"; };
		D02B7F8C29FC3897004FC775 /* InstagramVideoPlayerTests.xctest */ = {isa = PBXFileReference; explicitFileType = wrapper.cfbundle; includeInIndex = 0; path = InstagramVideoPlayerTests.xctest; sourceTree = BUILT_PRODUCTS_DIR; };
		D02B7F9029FC3897004FC775 /* InstagramVideoPlayerTests.swift */ = {isa = PBXFileReference; lastKnownFileType = sourcecode.swift; path = InstagramVideoPlayerTests.swift; sourceTree = "<group>"; };
		D02B7F9629FC3897004FC775 /* InstagramVideoPlayerUITests.xctest */ = {isa = PBXFileReference; explicitFileType = wrapper.cfbundle; includeInIndex = 0; path = InstagramVideoPlayerUITests.xctest; sourceTree = BUILT_PRODUCTS_DIR; };
		D02B7F9A29FC3897004FC775 /* InstagramVideoPlayerUITests.swift */ = {isa = PBXFileReference; lastKnownFileType = sourcecode.swift; path = InstagramVideoPlayerUITests.swift; sourceTree = "<group>"; };
		D02B7F9C29FC3897004FC775 /* InstagramVideoPlayerUITestsLaunchTests.swift */ = {isa = PBXFileReference; lastKnownFileType = sourcecode.swift; path = InstagramVideoPlayerUITestsLaunchTests.swift; sourceTree = "<group>"; };
		D02B7FAD29FC3A65004FC775 /* VideoCellTVC.swift */ = {isa = PBXFileReference; lastKnownFileType = sourcecode.swift; path = VideoCellTVC.swift; sourceTree = "<group>"; };
/* End PBXFileReference section */

/* Begin PBXFrameworksBuildPhase section */
		D02B7F7329FC3896004FC775 /* Frameworks */ = {
			isa = PBXFrameworksBuildPhase;
			buildActionMask = 2147483647;
			files = (
			);
			runOnlyForDeploymentPostprocessing = 0;
		};
		D02B7F8929FC3897004FC775 /* Frameworks */ = {
			isa = PBXFrameworksBuildPhase;
			buildActionMask = 2147483647;
			files = (
			);
			runOnlyForDeploymentPostprocessing = 0;
		};
		D02B7F9329FC3897004FC775 /* Frameworks */ = {
			isa = PBXFrameworksBuildPhase;
			buildActionMask = 2147483647;
			files = (
			);
			runOnlyForDeploymentPostprocessing = 0;
		};
/* End PBXFrameworksBuildPhase section */

/* Begin PBXGroup section */
		D02B7F6D29FC3896004FC775 = {
			isa = PBXGroup;
			children = (
				D02B7F7829FC3896004FC775 /* InstagramVideoPlayer */,
				D02B7F8F29FC3897004FC775 /* InstagramVideoPlayerTests */,
				D02B7F9929FC3897004FC775 /* InstagramVideoPlayerUITests */,
				D02B7F7729FC3896004FC775 /* Products */,
			);
			sourceTree = "<group>";
		};
		D02B7F7729FC3896004FC775 /* Products */ = {
			isa = PBXGroup;
			children = (
				D02B7F7629FC3896004FC775 /* InstagramVideoPlayer.app */,
				D02B7F8C29FC3897004FC775 /* InstagramVideoPlayerTests.xctest */,
				D02B7F9629FC3897004FC775 /* InstagramVideoPlayerUITests.xctest */,
			);
			name = Products;
			sourceTree = "<group>";
		};
		D02B7F7829FC3896004FC775 /* InstagramVideoPlayer */ = {
			isa = PBXGroup;
			children = (
				D02B7F7929FC3896004FC775 /* AppDelegate.swift */,
				D02B7F7B29FC3896004FC775 /* SceneDelegate.swift */,
				D02B7F7D29FC3896004FC775 /* ViewController.swift */,
				D02B7FAD29FC3A65004FC775 /* VideoCellTVC.swift */,
				D02B7F7F29FC3896004FC775 /* Main.storyboard */,
				D02B7F8229FC3897004FC775 /* Assets.xcassets */,
				D02B7F8429FC3897004FC775 /* LaunchScreen.storyboard */,
				D02B7F8729FC3897004FC775 /* Info.plist */,
			);
			path = InstagramVideoPlayer;
			sourceTree = "<group>";
		};
		D02B7F8F29FC3897004FC775 /* InstagramVideoPlayerTests */ = {
			isa = PBXGroup;
			children = (
				D02B7F9029FC3897004FC775 /* InstagramVideoPlayerTests.swift */,
			);
			path = InstagramVideoPlayerTests;
			sourceTree = "<group>";
		};
		D02B7F9929FC3897004FC775 /* InstagramVideoPlayerUITests */ = {
			isa = PBXGroup;
			children = (
				D02B7F9A29FC3897004FC775 /* InstagramVideoPlayerUITests.swift */,
				D02B7F9C29FC3897004FC775 /* InstagramVideoPlayerUITestsLaunchTests.swift */,
			);
			path = InstagramVideoPlayerUITests;
			sourceTree = "<group>";
		};
/* End PBXGroup section */

/* Begin PBXNativeTarget section */
		D02B7F7529FC3896004FC775 /* InstagramVideoPlayer */ = {
			isa = PBXNativeTarget;
			buildConfigurationList = D02B7FA029FC3897004FC775 /* Build configuration list for PBXNativeTarget "InstagramVideoPlayer" */;
			buildPhases = (
				D02B7F7229FC3896004FC775 /* Sources */,
				D02B7F7329FC3896004FC775 /* Frameworks */,
				D02B7F7429FC3896004FC775 /* Resources */,
			);
			buildRules = (
			);
			dependencies = (
			);
			name = InstagramVideoPlayer;
			productName = InstagramVideoPlayer;
			productReference = D02B7F7629FC3896004FC775 /* InstagramVideoPlayer.app */;
			productType = "com.apple.product-type.application";
		};
		D02B7F8B29FC3897004FC775 /* InstagramVideoPlayerTests */ = {
			isa = PBXNativeTarget;
			buildConfigurationList = D02B7FA329FC3897004FC775 /* Build configuration list for PBXNativeTarget "InstagramVideoPlayerTests" */;
			buildPhases = (
				D02B7F8829FC3897004FC775 /* Sources */,
				D02B7F8929FC3897004FC775 /* Frameworks */,
				D02B7F8A29FC3897004FC775 /* Resources */,
			);
			buildRules = (
			);
			dependencies = (
				D02B7F8E29FC3897004FC775 /* PBXTargetDependency */,
			);
			name = InstagramVideoPlayerTests;
			productName = InstagramVideoPlayerTests;
			productReference = D02B7F8C29FC3897004FC775 /* InstagramVideoPlayerTests.xctest */;
			productType = "com.apple.product-type.bundle.unit-test";
		};
		D02B7F9529FC3897004FC775 /* InstagramVideoPlayerUITests */ = {
			isa = PBXNativeTarget;
			buildConfigurationList = D02B7FA629FC3897004FC775 /* Build configuration list for PBXNativeTarget "InstagramVideoPlayerUITests" */;
			buildPhases = (
				D02B7F9229FC3897004FC775 /* Sources */,
				D02B7F9329FC3897004FC775 /* Frameworks */,
				D02B7F9429FC3897004FC775 /* Resources */,
			);
			buildRules = (
			);
			dependencies = (
				D02B7F9829FC3897004FC775 /* PBXTargetDependency */,
			);
			name = InstagramVideoPlayerUITests;
			productName = InstagramVideoPlayerUITests;
			productReference = D02B7F9629FC3897004FC775 /* InstagramVideoPlayerUITests.xctest */;
			productType = "com.apple.product-type.bundle.ui-testing";
		};
/* End PBXNativeTarget section */

/* Begin PBXProject section */
		D02B7F6E29FC3896004FC775 /* Project object */ = {
			isa = PBXProject;
			attributes = {
				BuildIndependentTargetsInParallel = 1;
				LastSwiftUpdateCheck = 1430;
				LastUpgradeCheck = 1430;
				TargetAttributes = {
					D02B7F7529FC3896004FC775 = {
						CreatedOnToolsVersion = 14.3;
					};
					D02B7F8B29FC3897004FC775 = {
						CreatedOnToolsVersion = 14.3;
						TestTargetID = D02B7F7529FC3896004FC775;
					};
					D02B7F9529FC3897004FC775 = {
						CreatedOnToolsVersion = 14.3;
						TestTargetID = D02B7F7529FC3896004FC775;
					};
				};
			};
			buildConfigurationList = D02B7F7129FC3896004FC775 /* Build configuration list for PBXProject "InstagramVideoPlayer" */;
			compatibilityVersion = "Xcode 14.0";
			developmentRegion = en;
			hasScannedForEncodings = 0;
			knownRegions = (
				en,
				Base,
			);
			mainGroup = D02B7F6D29FC3896004FC775;
			productRefGroup = D02B7F7729FC3896004FC775 /* Products */;
			projectDirPath = "";
			projectRoot = "";
			targets = (
				D02B7F7529FC3896004FC775 /* InstagramVideoPlayer */,
				D02B7F8B29FC3897004FC775 /* InstagramVideoPlayerTests */,
				D02B7F9529FC3897004FC775 /* InstagramVideoPlayerUITests */,
			);
		};
/* End PBXProject section */

/* Begin PBXResourcesBuildPhase section */
		D02B7F7429FC3896004FC775 /* Resources */ = {
			isa = PBXResourcesBuildPhase;
			buildActionMask = 2147483647;
			files = (
				D02B7F8629FC3897004FC775 /* LaunchScreen.storyboard in Resources */,
				D02B7F8329FC3897004FC775 /* Assets.xcassets in Resources */,
				D02B7F8129FC3896004FC775 /* Main.storyboard in Resources */,
			);
			runOnlyForDeploymentPostprocessing = 0;
		};
		D02B7F8A29FC3897004FC775 /* Resources */ = {
			isa = PBXResourcesBuildPhase;
			buildActionMask = 2147483647;
			files = (
			);
			runOnlyForDeploymentPostprocessing = 0;
		};
		D02B7F9429FC3897004FC775 /* Resources */ = {
			isa = PBXResourcesBuildPhase;
			buildActionMask = 2147483647;
			files = (
			);
			runOnlyForDeploymentPostprocessing = 0;
		};
/* End PBXResourcesBuildPhase section */

/* Begin PBXSourcesBuildPhase section */
		D02B7F7229FC3896004FC775 /* Sources */ = {
			isa = PBXSourcesBuildPhase;
			buildActionMask = 2147483647;
			files = (
				D02B7F7E29FC3896004FC775 /* ViewController.swift in Sources */,
				D02B7FAE29FC3A65004FC775 /* VideoCellTVC.swift in Sources */,
				D02B7F7A29FC3896004FC775 /* AppDelegate.swift in Sources */,
				D02B7F7C29FC3896004FC775 /* SceneDelegate.swift in Sources */,
			);
			runOnlyForDeploymentPostprocessing = 0;
		};
		D02B7F8829FC3897004FC775 /* Sources */ = {
			isa = PBXSourcesBuildPhase;
			buildActionMask = 2147483647;
			files = (
				D02B7F9129FC3897004FC775 /* InstagramVideoPlayerTests.swift in Sources */,
			);
			runOnlyForDeploymentPostprocessing = 0;
		};
		D02B7F9229FC3897004FC775 /* Sources */ = {
			isa = PBXSourcesBuildPhase;
			buildActionMask = 2147483647;
			files = (
				D02B7F9D29FC3897004FC775 /* InstagramVideoPlayerUITestsLaunchTests.swift in Sources */,
				D02B7F9B29FC3897004FC775 /* InstagramVideoPlayerUITests.swift in Sources */,
			);
			runOnlyForDeploymentPostprocessing = 0;
		};
/* End PBXSourcesBuildPhase section */

/* Begin PBXTargetDependency section */
		D02B7F8E29FC3897004FC775 /* PBXTargetDependency */ = {
			isa = PBXTargetDependency;
			target = D02B7F7529FC3896004FC775 /* InstagramVideoPlayer */;
			targetProxy = D02B7F8D29FC3897004FC775 /* PBXContainerItemProxy */;
		};
		D02B7F9829FC3897004FC775 /* PBXTargetDependency */ = {
			isa = PBXTargetDependency;
			target = D02B7F7529FC3896004FC775 /* InstagramVideoPlayer */;
			targetProxy = D02B7F9729FC3897004FC775 /* PBXContainerItemProxy */;
		};
/* End PBXTargetDependency section */

/* Begin PBXVariantGroup section */
		D02B7F7F29FC3896004FC775 /* Main.storyboard */ = {
			isa = PBXVariantGroup;
			children = (
				D02B7F8029FC3896004FC775 /* Base */,
			);
			name = Main.storyboard;
			sourceTree = "<group>";
		};
		D02B7F8429FC3897004FC775 /* LaunchScreen.storyboard */ = {
			isa = PBXVariantGroup;
			children = (
				D02B7F8529FC3897004FC775 /* Base */,
			);
			name = LaunchScreen.storyboard;
			sourceTree = "<group>";
		};
/* End PBXVariantGroup section */

/* Begin XCBuildConfiguration section */
		D02B7F9E29FC3897004FC775 /* Debug */ = {
			isa = XCBuildConfiguration;
			buildSettings = {
				ALWAYS_SEARCH_USER_PATHS = NO;
				CLANG_ANALYZER_NONNULL = YES;
				CLANG_ANALYZER_NUMBER_OBJECT_CONVERSION = YES_AGGRESSIVE;
				CLANG_CXX_LANGUAGE_STANDARD = "gnu++20";
				CLANG_ENABLE_MODULES = YES;
				CLANG_ENABLE_OBJC_ARC = YES;
				CLANG_ENABLE_OBJC_WEAK = YES;
				CLANG_WARN_BLOCK_CAPTURE_AUTORELEASING = YES;
				CLANG_WARN_BOOL_CONVERSION = YES;
				CLANG_WARN_COMMA = YES;
				CLANG_WARN_CONSTANT_CONVERSION = YES;
				CLANG_WARN_DEPRECATED_OBJC_IMPLEMENTATIONS = YES;
				CLANG_WARN_DIRECT_OBJC_ISA_USAGE = YES_ERROR;
				CLANG_WARN_DOCUMENTATION_COMMENTS = YES;
				CLANG_WARN_EMPTY_BODY = YES;
				CLANG_WARN_ENUM_CONVERSION = YES;
				CLANG_WARN_INFINITE_RECURSION = YES;
				CLANG_WARN_INT_CONVERSION = YES;
				CLANG_WARN_NON_LITERAL_NULL_CONVERSION = YES;
				CLANG_WARN_OBJC_IMPLICIT_RETAIN_SELF = YES;
				CLANG_WARN_OBJC_LITERAL_CONVERSION = YES;
				CLANG_WARN_OBJC_ROOT_CLASS = YES_ERROR;
				CLANG_WARN_QUOTED_INCLUDE_IN_FRAMEWORK_HEADER = YES;
				CLANG_WARN_RANGE_LOOP_ANALYSIS = YES;
				CLANG_WARN_STRICT_PROTOTYPES = YES;
				CLANG_WARN_SUSPICIOUS_MOVE = YES;
				CLANG_WARN_UNGUARDED_AVAILABILITY = YES_AGGRESSIVE;
				CLANG_WARN_UNREACHABLE_CODE = YES;
				CLANG_WARN__DUPLICATE_METHOD_MATCH = YES;
				COPY_PHASE_STRIP = NO;
				DEBUG_INFORMATION_FORMAT = dwarf;
				ENABLE_STRICT_OBJC_MSGSEND = YES;
				ENABLE_TESTABILITY = YES;
				GCC_C_LANGUAGE_STANDARD = gnu11;
				GCC_DYNAMIC_NO_PIC = NO;
				GCC_NO_COMMON_BLOCKS = YES;
				GCC_OPTIMIZATION_LEVEL = 0;
				GCC_PREPROCESSOR_DEFINITIONS = (
					"DEBUG=1",
					"$(inherited)",
				);
				GCC_WARN_64_TO_32_BIT_CONVERSION = YES;
				GCC_WARN_ABOUT_RETURN_TYPE = YES_ERROR;
				GCC_WARN_UNDECLARED_SELECTOR = YES;
				GCC_WARN_UNINITIALIZED_AUTOS = YES_AGGRESSIVE;
				GCC_WARN_UNUSED_FUNCTION = YES;
				GCC_WARN_UNUSED_VARIABLE = YES;
				IPHONEOS_DEPLOYMENT_TARGET = 16.4;
				MTL_ENABLE_DEBUG_INFO = INCLUDE_SOURCE;
				MTL_FAST_MATH = YES;
				ONLY_ACTIVE_ARCH = YES;
				SDKROOT = iphoneos;
				SWIFT_ACTIVE_COMPILATION_CONDITIONS = DEBUG;
				SWIFT_OPTIMIZATION_LEVEL = "-Onone";
			};
			name = Debug;
		};
		D02B7F9F29FC3897004FC775 /* Release */ = {
			isa = XCBuildConfiguration;
			buildSettings = {
				ALWAYS_SEARCH_USER_PATHS = NO;
				CLANG_ANALYZER_NONNULL = YES;
				CLANG_ANALYZER_NUMBER_OBJECT_CONVERSION = YES_AGGRESSIVE;
				CLANG_CXX_LANGUAGE_STANDARD = "gnu++20";
				CLANG_ENABLE_MODULES = YES;
				CLANG_ENABLE_OBJC_ARC = YES;
				CLANG_ENABLE_OBJC_WEAK = YES;
				CLANG_WARN_BLOCK_CAPTURE_AUTORELEASING = YES;
				CLANG_WARN_BOOL_CONVERSION = YES;
				CLANG_WARN_COMMA = YES;
				CLANG_WARN_CONSTANT_CONVERSION = YES;
				CLANG_WARN_DEPRECATED_OBJC_IMPLEMENTATIONS = YES;
				CLANG_WARN_DIRECT_OBJC_ISA_USAGE = YES_ERROR;
				CLANG_WARN_DOCUMENTATION_COMMENTS = YES;
				CLANG_WARN_EMPTY_BODY = YES;
				CLANG_WARN_ENUM_CONVERSION = YES;
				CLANG_WARN_INFINITE_RECURSION = YES;
				CLANG_WARN_INT_CONVERSION = YES;
				CLANG_WARN_NON_LITERAL_NULL_CONVERSION = YES;
				CLANG_WARN_OBJC_IMPLICIT_RETAIN_SELF = YES;
				CLANG_WARN_OBJC_LITERAL_CONVERSION = YES;
				CLANG_WARN_OBJC_ROOT_CLASS = YES_ERROR;
				CLANG_WARN_QUOTED_INCLUDE_IN_FRAMEWORK_HEADER = YES;
				CLANG_WARN_RANGE_LOOP_ANALYSIS = YES;
				CLANG_WARN_STRICT_PROTOTYPES = YES;
				CLANG_WARN_SUSPICIOUS_MOVE = YES;
				CLANG_WARN_UNGUARDED_AVAILABILITY = YES_AGGRESSIVE;
				CLANG_WARN_UNREACHABLE_CODE = YES;
				CLANG_WARN__DUPLICATE_METHOD_MATCH = YES;
				COPY_PHASE_STRIP = NO;
				DEBUG_INFORMATION_FORMAT = "dwarf-with-dsym";
				ENABLE_NS_ASSERTIONS = NO;
				ENABLE_STRICT_OBJC_MSGSEND = YES;
				GCC_C_LANGUAGE_STANDARD = gnu11;
				GCC_NO_COMMON_BLOCKS = YES;
				GCC_WARN_64_TO_32_BIT_CONVERSION = YES;
				GCC_WARN_ABOUT_RETURN_TYPE = YES_ERROR;
				GCC_WARN_UNDECLARED_SELECTOR = YES;
				GCC_WARN_UNINITIALIZED_AUTOS = YES_AGGRESSIVE;
				GCC_WARN_UNUSED_FUNCTION = YES;
				GCC_WARN_UNUSED_VARIABLE = YES;
				IPHONEOS_DEPLOYMENT_TARGET = 16.4;
				MTL_ENABLE_DEBUG_INFO = NO;
				MTL_FAST_MATH = YES;
				SDKROOT = iphoneos;
				SWIFT_COMPILATION_MODE = wholemodule;
				SWIFT_OPTIMIZATION_LEVEL = "-O";
				VALIDATE_PRODUCT = YES;
			};
			name = Release;
		};
		D02B7FA129FC3897004FC775 /* Debug */ = {
			isa = XCBuildConfiguration;
			buildSettings = {
				ASSETCATALOG_COMPILER_APPICON_NAME = AppIcon;
				ASSETCATALOG_COMPILER_GLOBAL_ACCENT_COLOR_NAME = AccentColor;
				CODE_SIGN_STYLE = Automatic;
				CURRENT_PROJECT_VERSION = 1;
				DEVELOPMENT_TEAM = UQXX58D4FP;
				GENERATE_INFOPLIST_FILE = YES;
				INFOPLIST_FILE = InstagramVideoPlayer/Info.plist;
				INFOPLIST_KEY_UIApplicationSupportsIndirectInputEvents = YES;
				INFOPLIST_KEY_UILaunchStoryboardName = LaunchScreen;
				INFOPLIST_KEY_UIMainStoryboardFile = Main;
				INFOPLIST_KEY_UISupportedInterfaceOrientations_iPad = "UIInterfaceOrientationPortrait UIInterfaceOrientationPortraitUpsideDown UIInterfaceOrientationLandscapeLeft UIInterfaceOrientationLandscapeRight";
				INFOPLIST_KEY_UISupportedInterfaceOrientations_iPhone = "UIInterfaceOrientationPortrait UIInterfaceOrientationLandscapeLeft UIInterfaceOrientationLandscapeRight";
				LD_RUNPATH_SEARCH_PATHS = (
					"$(inherited)",
					"@executable_path/Frameworks",
				);
				MARKETING_VERSION = 1.0;
				PRODUCT_BUNDLE_IDENTIFIER = com.akshayKumar.com.InstagramVideoPlayer;
				PRODUCT_NAME = "$(TARGET_NAME)";
				SWIFT_EMIT_LOC_STRINGS = YES;
				SWIFT_VERSION = 5.0;
				TARGETED_DEVICE_FAMILY = "1,2";
			};
			name = Debug;
		};
		D02B7FA229FC3897004FC775 /* Release */ = {
			isa = XCBuildConfiguration;
			buildSettings = {
				ASSETCATALOG_COMPILER_APPICON_NAME = AppIcon;
				ASSETCATALOG_COMPILER_GLOBAL_ACCENT_COLOR_NAME = AccentColor;
				CODE_SIGN_STYLE = Automatic;
				CURRENT_PROJECT_VERSION = 1;
				DEVELOPMENT_TEAM = UQXX58D4FP;
				GENERATE_INFOPLIST_FILE = YES;
				INFOPLIST_FILE = InstagramVideoPlayer/Info.plist;
				INFOPLIST_KEY_UIApplicationSupportsIndirectInputEvents = YES;
				INFOPLIST_KEY_UILaunchStoryboardName = LaunchScreen;
				INFOPLIST_KEY_UIMainStoryboardFile = Main;
				INFOPLIST_KEY_UISupportedInterfaceOrientations_iPad = "UIInterfaceOrientationPortrait UIInterfaceOrientationPortraitUpsideDown UIInterfaceOrientationLandscapeLeft UIInterfaceOrientationLandscapeRight";
				INFOPLIST_KEY_UISupportedInterfaceOrientations_iPhone = "UIInterfaceOrientationPortrait UIInterfaceOrientationLandscapeLeft UIInterfaceOrientationLandscapeRight";
				LD_RUNPATH_SEARCH_PATHS = (
					"$(inherited)",
					"@executable_path/Frameworks",
				);
				MARKETING_VERSION = 1.0;
				PRODUCT_BUNDLE_IDENTIFIER = com.akshayKumar.com.InstagramVideoPlayer;
				PRODUCT_NAME = "$(TARGET_NAME)";
				SWIFT_EMIT_LOC_STRINGS = YES;
				SWIFT_VERSION = 5.0;
				TARGETED_DEVICE_FAMILY = "1,2";
			};
			name = Release;
		};
		D02B7FA429FC3897004FC775 /* Debug */ = {
			isa = XCBuildConfiguration;
			buildSettings = {
				ALWAYS_EMBED_SWIFT_STANDARD_LIBRARIES = YES;
				BUNDLE_LOADER = "$(TEST_HOST)";
				CODE_SIGN_STYLE = Automatic;
				CURRENT_PROJECT_VERSION = 1;
				DEVELOPMENT_TEAM = UQXX58D4FP;
				GENERATE_INFOPLIST_FILE = YES;
				IPHONEOS_DEPLOYMENT_TARGET = 16.4;
				MARKETING_VERSION = 1.0;
				PRODUCT_BUNDLE_IDENTIFIER = com.akshayKumar.com.InstagramVideoPlayerTests;
				PRODUCT_NAME = "$(TARGET_NAME)";
				SWIFT_EMIT_LOC_STRINGS = NO;
				SWIFT_VERSION = 5.0;
				TARGETED_DEVICE_FAMILY = "1,2";
				TEST_HOST = "$(BUILT_PRODUCTS_DIR)/InstagramVideoPlayer.app/$(BUNDLE_EXECUTABLE_FOLDER_PATH)/InstagramVideoPlayer";
			};
			name = Debug;
		};
		D02B7FA529FC3897004FC775 /* Release */ = {
			isa = XCBuildConfiguration;
			buildSettings = {
				ALWAYS_EMBED_SWIFT_STANDARD_LIBRARIES = YES;
				BUNDLE_LOADER = "$(TEST_HOST)";
				CODE_SIGN_STYLE = Automatic;
				CURRENT_PROJECT_VERSION = 1;
				DEVELOPMENT_TEAM = UQXX58D4FP;
				GENERATE_INFOPLIST_FILE = YES;
				IPHONEOS_DEPLOYMENT_TARGET = 16.4;
				MARKETING_VERSION = 1.0;
				PRODUCT_BUNDLE_IDENTIFIER = com.akshayKumar.com.InstagramVideoPlayerTests;
				PRODUCT_NAME = "$(TARGET_NAME)";
				SWIFT_EMIT_LOC_STRINGS = NO;
				SWIFT_VERSION = 5.0;
				TARGETED_DEVICE_FAMILY = "1,2";
				TEST_HOST = "$(BUILT_PRODUCTS_DIR)/InstagramVideoPlayer.app/$(BUNDLE_EXECUTABLE_FOLDER_PATH)/InstagramVideoPlayer";
			};
			name = Release;
		};
		D02B7FA729FC3897004FC775 /* Debug */ = {
			isa = XCBuildConfiguration;
			buildSettings = {
				ALWAYS_EMBED_SWIFT_STANDARD_LIBRARIES = YES;
				CODE_SIGN_STYLE = Automatic;
				CURRENT_PROJECT_VERSION = 1;
				DEVELOPMENT_TEAM = UQXX58D4FP;
				GENERATE_INFOPLIST_FILE = YES;
				MARKETING_VERSION = 1.0;
				PRODUCT_BUNDLE_IDENTIFIER = com.akshayKumar.com.InstagramVideoPlayerUITests;
				PRODUCT_NAME = "$(TARGET_NAME)";
				SWIFT_EMIT_LOC_STRINGS = NO;
				SWIFT_VERSION = 5.0;
				TARGETED_DEVICE_FAMILY = "1,2";
				TEST_TARGET_NAME = InstagramVideoPlayer;
			};
			name = Debug;
		};
		D02B7FA829FC3897004FC775 /* Release */ = {
			isa = XCBuildConfiguration;
			buildSettings = {
				ALWAYS_EMBED_SWIFT_STANDARD_LIBRARIES = YES;
				CODE_SIGN_STYLE = Automatic;
				CURRENT_PROJECT_VERSION = 1;
				DEVELOPMENT_TEAM = UQXX58D4FP;
				GENERATE_INFOPLIST_FILE = YES;
				MARKETING_VERSION = 1.0;
				PRODUCT_BUNDLE_IDENTIFIER = com.akshayKumar.com.InstagramVideoPlayerUITests;
				PRODUCT_NAME = "$(TARGET_NAME)";
				SWIFT_EMIT_LOC_STRINGS = NO;
				SWIFT_VERSION = 5.0;
				TARGETED_DEVICE_FAMILY = "1,2";
				TEST_TARGET_NAME = InstagramVideoPlayer;
			};
			name = Release;
		};
/* End XCBuildConfiguration section */

/* Begin XCConfigurationList section */
		D02B7F7129FC3896004FC775 /* Build configuration list for PBXProject "InstagramVideoPlayer" */ = {
			isa = XCConfigurationList;
			buildConfigurations = (
				D02B7F9E29FC3897004FC775 /* Debug */,
				D02B7F9F29FC3897004FC775 /* Release */,
			);
			defaultConfigurationIsVisible = 0;
			defaultConfigurationName = Release;
		};
		D02B7FA029FC3897004FC775 /* Build configuration list for PBXNativeTarget "InstagramVideoPlayer" */ = {
			isa = XCConfigurationList;
			buildConfigurations = (
				D02B7FA129FC3897004FC775 /* Debug */,
				D02B7FA229FC3897004FC775 /* Release */,
			);
			defaultConfigurationIsVisible = 0;
			defaultConfigurationName = Release;
		};
		D02B7FA329FC3897004FC775 /* Build configuration list for PBXNativeTarget "InstagramVideoPlayerTests" */ = {
			isa = XCConfigurationList;
			buildConfigurations = (
				D02B7FA429FC3897004FC775 /* Debug */,
				D02B7FA529FC3897004FC775 /* Release */,
			);
			defaultConfigurationIsVisible = 0;
			defaultConfigurationName = Release;
		};
		D02B7FA629FC3897004FC775 /* Build configuration list for PBXNativeTarget "InstagramVideoPlayerUITests" */ = {
			isa = XCConfigurationList;
			buildConfigurations = (
				D02B7FA729FC3897004FC775 /* Debug */,
				D02B7FA829FC3897004FC775 /* Release */,
			);
			defaultConfigurationIsVisible = 0;
			defaultConfigurationName = Release;
		};
/* End XCConfigurationList section */
	};
	rootObject = D02B7F6E29FC3896004FC775 /* Project object */;
}
